{
  "version": 4,
  "terraform_version": "1.1.7",
  "serial": 101,
  "lineage": "a8d087dc-3054-d2c7-7562-0ce2d2353c47",
  "outputs": {},
  "resources": [
    {
      "module": "module.dynamodb-test-terraform",
      "mode": "managed",
      "type": "aws_dynamodb_table",
      "name": "DATABASE-TEST-TERRAFORM",
      "provider": "provider[\"registry.terraform.io/hashicorp/aws\"]",
      "instances": [
        {
          "schema_version": 1,
          "attributes": {
            "arn": "arn:aws:dynamodb:eu-west-1:237616231885:table/DATABASE-TEST-TERRAFORM",
            "attribute": [
              {
                "name": "id",
                "type": "S"
              }
            ],
            "billing_mode": "PAY_PER_REQUEST",
            "global_secondary_index": [],
            "hash_key": "id",
            "id": "DATABASE-TEST-TERRAFORM",
            "local_secondary_index": [],
            "name": "DATABASE-TEST-TERRAFORM",
            "point_in_time_recovery": [
              {
                "enabled": false
              }
            ],
            "range_key": null,
            "read_capacity": 0,
            "replica": [],
            "restore_date_time": null,
            "restore_source_name": null,
            "restore_to_latest_time": null,
            "server_side_encryption": [],
            "stream_arn": "arn:aws:dynamodb:eu-west-1:237616231885:table/DATABASE-TEST-TERRAFORM/stream/2022-04-08T14:39:38.987",
            "stream_enabled": true,
            "stream_label": "2022-04-08T14:39:38.987",
            "stream_view_type": "NEW_AND_OLD_IMAGES",
            "table_class": "",
            "tags": {
              "TODO_TABLE_NAME": "DATABASE-TEST-TERRAFORM"
            },
            "tags_all": {
              "TODO_TABLE_NAME": "DATABASE-TEST-TERRAFORM"
            },
            "timeouts": null,
            "ttl": [
              {
                "attribute_name": "",
                "enabled": false
              }
            ],
            "write_capacity": 0
          },
          "sensitive_attributes": [],
          "private": "eyJlMmJmYjczMC1lY2FhLTExZTYtOGY4OC0zNDM2M2JjN2M0YzAiOnsiY3JlYXRlIjoxODAwMDAwMDAwMDAwLCJkZWxldGUiOjYwMDAwMDAwMDAwMCwidXBkYXRlIjozNjAwMDAwMDAwMDAwfSwic2NoZW1hX3ZlcnNpb24iOiIxIn0="
        }
      ]
    },
    {
      "module": "module.dynamodb-test-terraform",
      "mode": "managed",
      "type": "aws_iam_policy",
      "name": "policy_dynamodb",
      "provider": "provider[\"registry.terraform.io/hashicorp/aws\"]",
      "instances": [
        {
          "schema_version": 0,
          "attributes": {
            "arn": "arn:aws:iam::237616231885:policy/dynamoDbInvocationPolicy",
            "description": "",
            "id": "arn:aws:iam::237616231885:policy/dynamoDbInvocationPolicy",
            "name": "dynamoDbInvocationPolicy",
            "name_prefix": null,
            "path": "/",
            "policy": "{\"Statement\":[{\"Action\":[\"dynamodb:GetShardIterator\",\"dynamodb:DescribeStream\",\"dynamodb:GetRecords\",\"dynamodb:ListStreams\"],\"Effect\":\"Allow\",\"Resource\":\"*\",\"Sid\":\"VisualEditor0\"}],\"Version\":\"2012-10-17\"}",
            "policy_id": "ANPATOUYH6XGWWL62AKOP",
            "tags": {},
            "tags_all": {}
          },
          "sensitive_attributes": [],
          "private": "bnVsbA=="
        }
      ]
    },
    {
      "module": "module.dynamodb-test-terraform",
      "mode": "managed",
      "type": "aws_iam_role",
      "name": "iam_for_dynamodb",
      "provider": "provider[\"registry.terraform.io/hashicorp/aws\"]",
      "instances": [
        {
          "schema_version": 0,
          "attributes": {
            "arn": "arn:aws:iam::237616231885:role/iam_for_dynamodb",
            "assume_role_policy": "{\"Version\":\"2012-10-17\",\"Statement\":[{\"Sid\":\"\",\"Effect\":\"Allow\",\"Principal\":{\"Service\":\"dynamodb.amazonaws.com\"},\"Action\":\"sts:AssumeRole\"}]}",
            "create_date": "2022-04-08T14:39:39Z",
            "description": "",
            "force_detach_policies": false,
            "id": "iam_for_dynamodb",
            "inline_policy": [
              {
                "name": "",
                "policy": ""
              }
            ],
            "managed_policy_arns": [
              "arn:aws:iam::237616231885:policy/dynamoDbInvocationPolicy"
            ],
            "max_session_duration": 3600,
            "name": "iam_for_dynamodb",
            "name_prefix": "",
            "path": "/",
            "permissions_boundary": null,
            "tags": {},
            "tags_all": {},
            "unique_id": "AROATOUYH6XG6BFXGVMQ5"
          },
          "sensitive_attributes": [],
          "private": "bnVsbA=="
        }
      ]
    },
    {
      "module": "module.dynamodb-test-terraform",
      "mode": "managed",
      "type": "aws_iam_role_policy_attachment",
      "name": "iam_lambda_attach_policy_dynamodb",
      "provider": "provider[\"registry.terraform.io/hashicorp/aws\"]",
      "instances": [
        {
          "schema_version": 0,
          "attributes": {
            "id": "iam_for_dynamodb-20220408143938707200000002",
            "policy_arn": "arn:aws:iam::237616231885:policy/dynamoDbInvocationPolicy",
            "role": "iam_for_dynamodb"
          },
          "sensitive_attributes": [],
          "private": "bnVsbA==",
          "dependencies": [
            "module.dynamodb-test-terraform.aws_iam_policy.policy_dynamodb",
            "module.dynamodb-test-terraform.aws_iam_role.iam_for_dynamodb"
          ]
        }
      ]
    },
    {
      "module": "module.lambda-dynamo-stream-handler",
      "mode": "data",
      "type": "archive_file",
      "name": "lambda_dynamo_stream_handler_zip",
      "provider": "provider[\"registry.terraform.io/hashicorp/archive\"]",
      "instances": [
        {
          "schema_version": 0,
          "attributes": {
            "excludes": null,
            "id": "5192b3cbc307bb0b309ed6b6252000599742e82d",
            "output_base64sha256": "bYvqvZ5cKMCF8Jx7DwJF0a9SuthJTggRZ2YGhuKZu/Y=",
            "output_file_mode": null,
            "output_md5": "d0aaeedaf2eff2c6e770edd7bdc7c69f",
            "output_path": "./output/lambda_handler_db.zip",
            "output_sha": "5192b3cbc307bb0b309ed6b6252000599742e82d",
            "output_size": 2315,
            "source": [],
            "source_content": null,
            "source_content_filename": null,
            "source_dir": null,
            "source_file": "../config-component/lambda-dynamo-stream-handler/.build/index.js",
            "type": "zip"
          },
          "sensitive_attributes": []
        }
      ]
    },
    {
      "module": "module.lambda-dynamo-stream-handler",
      "mode": "managed",
      "type": "aws_iam_policy",
      "name": "policy_for_lambda_dynamo_stream_handler",
      "provider": "provider[\"registry.terraform.io/hashicorp/aws\"]",
      "instances": [
        {
          "schema_version": 0,
          "attributes": {
            "arn": "arn:aws:iam::237616231885:policy/LambdaDynamoStreamHandlerFunctionPolicy",
            "description": "",
            "id": "arn:aws:iam::237616231885:policy/LambdaDynamoStreamHandlerFunctionPolicy",
            "name": "LambdaDynamoStreamHandlerFunctionPolicy",
            "name_prefix": null,
            "path": "/",
            "policy": "{\"Statement\":[{\"Action\":[\"states:StartExecution\",\"states:SendTaskSuccess\",\"states:SendTaskHeartbeat\",\"states:SendTaskHeartbeat\",\"dynamodb:GetShardIterator\",\"dynamodb:DescribeStream\",\"dynamodb:GetRecords\",\"dynamodb:ListStreams\",\"logs:CreateLogGroup\",\"logs:CreateLogStream\",\"logs:PutLogEvents\"],\"Effect\":\"Allow\",\"Resource\":\"*\",\"Sid\":\"VisualEditor0\"}],\"Version\":\"2012-10-17\"}",
            "policy_id": "ANPATOUYH6XG4YVKG537D",
            "tags": {},
            "tags_all": {}
          },
          "sensitive_attributes": [],
          "private": "bnVsbA=="
        }
      ]
    },
    {
      "module": "module.lambda-dynamo-stream-handler",
      "mode": "managed",
      "type": "aws_iam_role",
      "name": "iam_for_lambda_dynamo_stream_handler",
      "provider": "provider[\"registry.terraform.io/hashicorp/aws\"]",
      "instances": [
        {
          "schema_version": 0,
          "attributes": {
            "arn": "arn:aws:iam::237616231885:role/iam_for_lambda_dynamo_stream_handler",
            "assume_role_policy": "{\"Version\":\"2012-10-17\",\"Statement\":[{\"Sid\":\"\",\"Effect\":\"Allow\",\"Principal\":{\"Service\":\"lambda.amazonaws.com\"},\"Action\":\"sts:AssumeRole\"}]}",
            "create_date": "2022-04-08T14:39:39Z",
            "description": "",
            "force_detach_policies": false,
            "id": "iam_for_lambda_dynamo_stream_handler",
            "inline_policy": [
              {
                "name": "",
                "policy": ""
              }
            ],
            "managed_policy_arns": [
              "arn:aws:iam::237616231885:policy/LambdaDynamoStreamHandlerFunctionPolicy"
            ],
            "max_session_duration": 3600,
            "name": "iam_for_lambda_dynamo_stream_handler",
            "name_prefix": "",
            "path": "/",
            "permissions_boundary": null,
            "tags": {},
            "tags_all": {},
            "unique_id": "AROATOUYH6XG6Z7WROSIJ"
          },
          "sensitive_attributes": [],
          "private": "bnVsbA=="
        }
      ]
    },
    {
      "module": "module.lambda-dynamo-stream-handler",
      "mode": "managed",
      "type": "aws_iam_role_policy_attachment",
      "name": "iam_for_lambda_attach_policy_lambda_dynamo_stream_handler",
      "provider": "provider[\"registry.terraform.io/hashicorp/aws\"]",
      "instances": [
        {
          "schema_version": 0,
          "attributes": {
            "id": "iam_for_lambda_dynamo_stream_handler-20220408143938683800000001",
            "policy_arn": "arn:aws:iam::237616231885:policy/LambdaDynamoStreamHandlerFunctionPolicy",
            "role": "iam_for_lambda_dynamo_stream_handler"
          },
          "sensitive_attributes": [],
          "private": "bnVsbA==",
          "dependencies": [
            "module.lambda-dynamo-stream-handler.aws_iam_policy.policy_for_lambda_dynamo_stream_handler",
            "module.lambda-dynamo-stream-handler.aws_iam_role.iam_for_lambda_dynamo_stream_handler"
          ]
        }
      ]
    },
    {
      "module": "module.lambda-dynamo-stream-handler",
      "mode": "managed",
      "type": "aws_lambda_event_source_mapping",
      "name": "trigger_lambda_dynamo_stream_handler",
      "provider": "provider[\"registry.terraform.io/hashicorp/aws\"]",
      "instances": [
        {
          "schema_version": 0,
          "attributes": {
            "batch_size": 100,
            "bisect_batch_on_function_error": false,
            "destination_config": [
              {
                "on_failure": [
                  {
                    "destination_arn": null
                  }
                ]
              }
            ],
            "enabled": true,
            "event_source_arn": "arn:aws:dynamodb:eu-west-1:237616231885:table/DATABASE-TEST-TERRAFORM/stream/2022-04-08T14:39:38.987",
            "filter_criteria": [],
            "function_arn": "arn:aws:lambda:eu-west-1:237616231885:function:lambda_dynamo_stream_handler",
            "function_name": "arn:aws:lambda:eu-west-1:237616231885:function:lambda_dynamo_stream_handler",
            "function_response_types": [],
            "id": "2879e924-b64d-4e23-814e-8f1286e2c48b",
            "last_modified": "2022-04-08T16:33:00Z",
            "last_processing_result": "OK",
            "maximum_batching_window_in_seconds": 0,
            "maximum_record_age_in_seconds": -1,
            "maximum_retry_attempts": -1,
            "parallelization_factor": 1,
            "queues": [],
            "self_managed_event_source": [],
            "source_access_configuration": [],
            "starting_position": "LATEST",
            "starting_position_timestamp": "",
            "state": "Enabled",
            "state_transition_reason": "User action",
            "topics": [],
            "tumbling_window_in_seconds": 0,
            "uuid": "2879e924-b64d-4e23-814e-8f1286e2c48b"
          },
          "sensitive_attributes": [],
          "private": "bnVsbA==",
          "dependencies": [
            "module.dynamodb-test-terraform.aws_dynamodb_table.DATABASE-TEST-TERRAFORM",
            "module.lambda-dynamo-stream-handler.aws_iam_role.iam_for_lambda_dynamo_stream_handler",
            "module.lambda-dynamo-stream-handler.aws_lambda_function.lambda_dynamo_stream_handler",
            "module.lambda-dynamo-stream-handler.data.archive_file.lambda_dynamo_stream_handler_zip",
            "module.lambda-update-phase-task-token.aws_iam_role.iam_for_lambda_update_phase_task_token",
            "module.lambda-update-phase-task-token.aws_lambda_function.lambda_update_phase_task_token",
            "module.lambda-update-phase-task-token.data.archive_file.lambda_update_phase_task_token_zip",
            "module.stepfunction.aws_iam_role.iam_for_sfn",
            "module.stepfunction.aws_sfn_state_machine.sfn_state_machine",
            "module.stepfunction.aws_sns_topic.sns_multi_notification"
          ]
        }
      ]
    },
    {
      "module": "module.lambda-dynamo-stream-handler",
      "mode": "managed",
      "type": "aws_lambda_function",
      "name": "lambda_dynamo_stream_handler",
      "provider": "provider[\"registry.terraform.io/hashicorp/aws\"]",
      "instances": [
        {
          "schema_version": 0,
          "attributes": {
            "architectures": [
              "x86_64"
            ],
            "arn": "arn:aws:lambda:eu-west-1:237616231885:function:lambda_dynamo_stream_handler",
            "code_signing_config_arn": "",
            "dead_letter_config": [],
            "description": "",
            "environment": [
              {
                "variables": {
                  "STATE_MACHINE_ARN": "arn:aws:states:eu-west-1:237616231885:stateMachine:state-machine-TERRAFORM"
                }
              }
            ],
            "ephemeral_storage": [
              {
                "size": 512
              }
            ],
            "file_system_config": [],
            "filename": "./output/lambda_handler_db.zip",
            "function_name": "lambda_dynamo_stream_handler",
            "handler": "index.LambdaDynamoStreamHandlerFunction",
            "id": "lambda_dynamo_stream_handler",
            "image_config": [],
            "image_uri": "",
            "invoke_arn": "arn:aws:apigateway:eu-west-1:lambda:path/2015-03-31/functions/arn:aws:lambda:eu-west-1:237616231885:function:lambda_dynamo_stream_handler/invocations",
            "kms_key_arn": "",
            "last_modified": "2022-04-08T20:41:35.000+0000",
            "layers": [],
            "memory_size": 128,
            "package_type": "Zip",
            "publish": false,
            "qualified_arn": "arn:aws:lambda:eu-west-1:237616231885:function:lambda_dynamo_stream_handler:$LATEST",
            "reserved_concurrent_executions": -1,
            "role": "arn:aws:iam::237616231885:role/iam_for_lambda_dynamo_stream_handler",
            "runtime": "nodejs14.x",
            "s3_bucket": null,
            "s3_key": null,
            "s3_object_version": null,
            "signing_job_arn": "",
            "signing_profile_version_arn": "",
            "source_code_hash": "bYvqvZ5cKMCF8Jx7DwJF0a9SuthJTggRZ2YGhuKZu/Y=",
            "source_code_size": 2315,
            "tags": {},
            "tags_all": {},
            "timeout": 3,
            "timeouts": null,
            "tracing_config": [
              {
                "mode": "PassThrough"
              }
            ],
            "version": "$LATEST",
            "vpc_config": []
          },
          "sensitive_attributes": [],
          "private": "eyJlMmJmYjczMC1lY2FhLTExZTYtOGY4OC0zNDM2M2JjN2M0YzAiOnsiY3JlYXRlIjo2MDAwMDAwMDAwMDB9fQ==",
          "dependencies": [
            "module.dynamodb-test-terraform.aws_dynamodb_table.DATABASE-TEST-TERRAFORM",
            "module.lambda-dynamo-stream-handler.aws_iam_role.iam_for_lambda_dynamo_stream_handler",
            "module.lambda-dynamo-stream-handler.data.archive_file.lambda_dynamo_stream_handler_zip",
            "module.lambda-update-phase-task-token.aws_iam_role.iam_for_lambda_update_phase_task_token",
            "module.lambda-update-phase-task-token.aws_lambda_function.lambda_update_phase_task_token",
            "module.lambda-update-phase-task-token.data.archive_file.lambda_update_phase_task_token_zip",
            "module.stepfunction.aws_iam_role.iam_for_sfn",
            "module.stepfunction.aws_sfn_state_machine.sfn_state_machine",
            "module.stepfunction.aws_sns_topic.sns_multi_notification"
          ]
        }
      ]
    },
    {
      "module": "module.lambda-update-phase-task-token",
      "mode": "data",
      "type": "archive_file",
      "name": "lambda_update_phase_task_token_zip",
      "provider": "provider[\"registry.terraform.io/hashicorp/archive\"]",
      "instances": [
        {
          "schema_version": 0,
          "attributes": {
            "excludes": null,
            "id": "321c695f437e565442013bcdd761a0fb90e0fda5",
            "output_base64sha256": "W+dlMBGsGtR1tbKjGA3Fv+m3rhVkPmIUYyjHCVc3jD0=",
            "output_file_mode": null,
            "output_md5": "8f57db1e3f45580115c5b3aab5cd8907",
            "output_path": "./output/lambda_update_phase_task_token.zip",
            "output_sha": "321c695f437e565442013bcdd761a0fb90e0fda5",
            "output_size": 775,
            "source": [],
            "source_content": null,
            "source_content_filename": null,
            "source_dir": null,
            "source_file": "../config-component/lambda-update-phase-task-token/.build/index.js",
            "type": "zip"
          },
          "sensitive_attributes": []
        }
      ]
    },
    {
      "module": "module.lambda-update-phase-task-token",
      "mode": "managed",
      "type": "aws_iam_policy",
      "name": "policy_for_lambda_update_phase_task_token",
      "provider": "provider[\"registry.terraform.io/hashicorp/aws\"]",
      "instances": [
        {
          "schema_version": 0,
          "attributes": {
            "arn": "arn:aws:iam::237616231885:policy/LambdaUpdatePhaseTaskTokenPolicy",
            "description": "",
            "id": "arn:aws:iam::237616231885:policy/LambdaUpdatePhaseTaskTokenPolicy",
            "name": "LambdaUpdatePhaseTaskTokenPolicy",
            "name_prefix": null,
            "path": "/",
            "policy": "{\"Statement\":[{\"Action\":[\"logs:CreateLogGroup\",\"logs:CreateLogStream\",\"logs:PutLogEvents\",\"dynamodb:GetItem\",\"dynamodb:UpdateItem\"],\"Effect\":\"Allow\",\"Resource\":\"*\",\"Sid\":\"VisualEditor0\"}],\"Version\":\"2012-10-17\"}",
            "policy_id": "ANPATOUYH6XGUDHK2NVWJ",
            "tags": {},
            "tags_all": {}
          },
          "sensitive_attributes": [],
          "private": "bnVsbA=="
        }
      ]
    },
    {
      "module": "module.lambda-update-phase-task-token",
      "mode": "managed",
      "type": "aws_iam_role",
      "name": "iam_for_lambda_update_phase_task_token",
      "provider": "provider[\"registry.terraform.io/hashicorp/aws\"]",
      "instances": [
        {
          "schema_version": 0,
          "attributes": {
            "arn": "arn:aws:iam::237616231885:role/iam_for_lambda_update_phase_task_token",
            "assume_role_policy": "{\"Version\":\"2012-10-17\",\"Statement\":[{\"Sid\":\"\",\"Effect\":\"Allow\",\"Principal\":{\"Service\":\"lambda.amazonaws.com\"},\"Action\":\"sts:AssumeRole\"}]}",
            "create_date": "2022-04-08T14:39:39Z",
            "description": "",
            "force_detach_policies": false,
            "id": "iam_for_lambda_update_phase_task_token",
            "inline_policy": [
              {
                "name": "",
                "policy": ""
              }
            ],
            "managed_policy_arns": [
              "arn:aws:iam::237616231885:policy/LambdaUpdatePhaseTaskTokenPolicy"
            ],
            "max_session_duration": 3600,
            "name": "iam_for_lambda_update_phase_task_token",
            "name_prefix": "",
            "path": "/",
            "permissions_boundary": null,
            "tags": {},
            "tags_all": {},
            "unique_id": "AROATOUYH6XGQCK34FDJK"
          },
          "sensitive_attributes": [],
          "private": "bnVsbA=="
        }
      ]
    },
    {
      "module": "module.lambda-update-phase-task-token",
      "mode": "managed",
      "type": "aws_iam_role_policy_attachment",
      "name": "iam_for_lambda_attach_policy_lambda_update_phase_task_token",
      "provider": "provider[\"registry.terraform.io/hashicorp/aws\"]",
      "instances": [
        {
          "schema_version": 0,
          "attributes": {
            "id": "iam_for_lambda_update_phase_task_token-20220408144105759900000001",
            "policy_arn": "arn:aws:iam::237616231885:policy/LambdaUpdatePhaseTaskTokenPolicy",
            "role": "iam_for_lambda_update_phase_task_token"
          },
          "sensitive_attributes": [],
          "private": "bnVsbA==",
          "dependencies": [
            "module.lambda-update-phase-task-token.aws_iam_policy.policy_for_lambda_update_phase_task_token",
            "module.lambda-update-phase-task-token.aws_iam_role.iam_for_lambda_update_phase_task_token"
          ]
        }
      ]
    },
    {
      "module": "module.lambda-update-phase-task-token",
      "mode": "managed",
      "type": "aws_lambda_function",
      "name": "lambda_update_phase_task_token",
      "provider": "provider[\"registry.terraform.io/hashicorp/aws\"]",
      "instances": [
        {
          "schema_version": 0,
          "attributes": {
            "architectures": [
              "x86_64"
            ],
            "arn": "arn:aws:lambda:eu-west-1:237616231885:function:lambda_update_phase_task_token",
            "code_signing_config_arn": "",
            "dead_letter_config": [],
            "description": "",
            "environment": [
              {
                "variables": {
                  "DATABASENAME": "DATABASE-TEST-TERRAFORM"
                }
              }
            ],
            "ephemeral_storage": [
              {
                "size": 512
              }
            ],
            "file_system_config": [],
            "filename": "./output/lambda_update_phase_task_token.zip",
            "function_name": "lambda_update_phase_task_token",
            "handler": "index.LambdaUpdatePhaseTaskTokenFunction",
            "id": "lambda_update_phase_task_token",
            "image_config": [],
            "image_uri": "",
            "invoke_arn": "arn:aws:apigateway:eu-west-1:lambda:path/2015-03-31/functions/arn:aws:lambda:eu-west-1:237616231885:function:lambda_update_phase_task_token/invocations",
            "kms_key_arn": "",
            "last_modified": "2022-04-08T21:02:07.000+0000",
            "layers": [],
            "memory_size": 128,
            "package_type": "Zip",
            "publish": false,
            "qualified_arn": "arn:aws:lambda:eu-west-1:237616231885:function:lambda_update_phase_task_token:$LATEST",
            "reserved_concurrent_executions": -1,
            "role": "arn:aws:iam::237616231885:role/iam_for_lambda_update_phase_task_token",
            "runtime": "nodejs14.x",
            "s3_bucket": null,
            "s3_key": null,
            "s3_object_version": null,
            "signing_job_arn": "",
            "signing_profile_version_arn": "",
            "source_code_hash": "W+dlMBGsGtR1tbKjGA3Fv+m3rhVkPmIUYyjHCVc3jD0=",
            "source_code_size": 775,
            "tags": {},
            "tags_all": {},
            "timeout": 3,
            "timeouts": null,
            "tracing_config": [
              {
                "mode": "PassThrough"
              }
            ],
            "version": "$LATEST",
            "vpc_config": []
          },
          "sensitive_attributes": [],
          "private": "eyJlMmJmYjczMC1lY2FhLTExZTYtOGY4OC0zNDM2M2JjN2M0YzAiOnsiY3JlYXRlIjo2MDAwMDAwMDAwMDB9fQ==",
          "dependencies": [
            "module.dynamodb-test-terraform.aws_dynamodb_table.DATABASE-TEST-TERRAFORM",
            "module.lambda-update-phase-task-token.aws_iam_role.iam_for_lambda_update_phase_task_token",
            "module.lambda-update-phase-task-token.data.archive_file.lambda_update_phase_task_token_zip"
          ]
        }
      ]
    },
    {
      "module": "module.stepfunction",
      "mode": "managed",
      "type": "aws_iam_policy",
      "name": "policy_invoke_lambda",
      "provider": "provider[\"registry.terraform.io/hashicorp/aws\"]",
      "instances": [
        {
          "schema_version": 0,
          "attributes": {
            "arn": "arn:aws:iam::237616231885:policy/stepFunctionInvokeLambdaPolicy",
            "description": "",
            "id": "arn:aws:iam::237616231885:policy/stepFunctionInvokeLambdaPolicy",
            "name": "stepFunctionInvokeLambdaPolicy",
            "name_prefix": null,
            "path": "/",
            "policy": "{\"Statement\":[{\"Action\":[\"lambda:InvokeFunction\"],\"Effect\":\"Allow\",\"Resource\":\"*\",\"Sid\":\"VisualEditor0\"}],\"Version\":\"2012-10-17\"}",
            "policy_id": "ANPATOUYH6XGWIA74U3JH",
            "tags": {},
            "tags_all": {}
          },
          "sensitive_attributes": [],
          "private": "bnVsbA=="
        }
      ]
    },
    {
      "module": "module.stepfunction",
      "mode": "managed",
      "type": "aws_iam_policy",
      "name": "policy_publish_sns",
      "provider": "provider[\"registry.terraform.io/hashicorp/aws\"]",
      "instances": [
        {
          "schema_version": 0,
          "attributes": {
            "arn": "arn:aws:iam::237616231885:policy/stepFunctionSampleSNSInvocationPolicy",
            "description": "",
            "id": "arn:aws:iam::237616231885:policy/stepFunctionSampleSNSInvocationPolicy",
            "name": "stepFunctionSampleSNSInvocationPolicy",
            "name_prefix": null,
            "path": "/",
            "policy": "{\"Statement\":[{\"Action\":[\"sns:Publish\"],\"Effect\":\"Allow\",\"Resource\":\"*\",\"Sid\":\"VisualEditor0\"}],\"Version\":\"2012-10-17\"}",
            "policy_id": "ANPATOUYH6XG2U65IJDBO",
            "tags": {},
            "tags_all": {}
          },
          "sensitive_attributes": [],
          "private": "bnVsbA=="
        }
      ]
    },
    {
      "module": "module.stepfunction",
      "mode": "managed",
      "type": "aws_iam_role",
      "name": "iam_for_sfn",
      "provider": "provider[\"registry.terraform.io/hashicorp/aws\"]",
      "instances": [
        {
          "schema_version": 0,
          "attributes": {
            "arn": "arn:aws:iam::237616231885:role/stepFunctionSampleStepFunctionExecutionIAM",
            "assume_role_policy": "{\"Version\":\"2012-10-17\",\"Statement\":[{\"Effect\":\"Allow\",\"Principal\":{\"Service\":\"states.amazonaws.com\"},\"Action\":\"sts:AssumeRole\"}]}",
            "create_date": "2022-04-08T14:41:06Z",
            "description": "",
            "force_detach_policies": false,
            "id": "stepFunctionSampleStepFunctionExecutionIAM",
            "inline_policy": [
              {
                "name": "",
                "policy": ""
              }
            ],
            "managed_policy_arns": [
              "arn:aws:iam::237616231885:policy/stepFunctionInvokeLambdaPolicy",
              "arn:aws:iam::237616231885:policy/stepFunctionSampleSNSInvocationPolicy"
            ],
            "max_session_duration": 3600,
            "name": "stepFunctionSampleStepFunctionExecutionIAM",
            "name_prefix": "",
            "path": "/",
            "permissions_boundary": null,
            "tags": {},
            "tags_all": {},
            "unique_id": "AROATOUYH6XGZL56XB7CG"
          },
          "sensitive_attributes": [],
          "private": "bnVsbA=="
        }
      ]
    },
    {
      "module": "module.stepfunction",
      "mode": "managed",
      "type": "aws_iam_role_policy_attachment",
      "name": "iam_for_sfn_attach_policy_invoke_lambda",
      "provider": "provider[\"registry.terraform.io/hashicorp/aws\"]",
      "instances": [
        {
          "schema_version": 0,
          "attributes": {
            "id": "stepFunctionSampleStepFunctionExecutionIAM-20220408144106450900000003",
            "policy_arn": "arn:aws:iam::237616231885:policy/stepFunctionInvokeLambdaPolicy",
            "role": "stepFunctionSampleStepFunctionExecutionIAM"
          },
          "sensitive_attributes": [],
          "private": "bnVsbA==",
          "dependencies": [
            "module.stepfunction.aws_iam_policy.policy_invoke_lambda",
            "module.stepfunction.aws_iam_role.iam_for_sfn"
          ]
        }
      ]
    },
    {
      "module": "module.stepfunction",
      "mode": "managed",
      "type": "aws_iam_role_policy_attachment",
      "name": "iam_for_sfn_attach_policy_publish_sns",
      "provider": "provider[\"registry.terraform.io/hashicorp/aws\"]",
      "instances": [
        {
          "schema_version": 0,
          "attributes": {
            "id": "stepFunctionSampleStepFunctionExecutionIAM-20220408144106450900000002",
            "policy_arn": "arn:aws:iam::237616231885:policy/stepFunctionSampleSNSInvocationPolicy",
            "role": "stepFunctionSampleStepFunctionExecutionIAM"
          },
          "sensitive_attributes": [],
          "private": "bnVsbA==",
          "dependencies": [
            "module.stepfunction.aws_iam_policy.policy_publish_sns",
            "module.stepfunction.aws_iam_role.iam_for_sfn"
          ]
        }
      ]
    },
    {
      "module": "module.stepfunction",
      "mode": "managed",
      "type": "aws_sfn_state_machine",
      "name": "sfn_state_machine",
      "provider": "provider[\"registry.terraform.io/hashicorp/aws\"]",
      "instances": [
        {
          "schema_version": 0,
          "attributes": {
            "arn": "arn:aws:states:eu-west-1:237616231885:stateMachine:state-machine-TERRAFORM",
            "creation_date": "2022-04-08T14:50:30Z",
            "definition": "{\r\n  \"StartAt\": \"Open\",\r\n  \"States\": {\r\n    \"Open\": {\r\n      \"Type\": \"Task\",      \r\n      \"Resource\": \"arn:aws:states:::sns:publish\",\r\n      \"Parameters\": {\r\n        \"TopicArn\": \"arn:aws:sns:eu-west-1:237616231885:sns_multi_notification\",\r\n        \"Message.$\": \"$\"\r\n      }, \r\n      \"ResultPath\": null, \r\n      \"Next\": \"Voting Phase\"\r\n    },\r\n    \"Voting Phase\": {\r\n      \"Type\": \"Task\",\r\n      \"Resource\":\"arn:aws:states:::lambda:invoke.waitForTaskToken\",\r\n      \"Parameters\": {\r\n        \"FunctionName\": \"arn:aws:lambda:eu-west-1:237616231885:function:lambda_update_phase_task_token\",\r\n        \"Payload\":{  \r\n          \"token.$\":\"$$.Task.Token\",\r\n          \"otherInput.$\": \"$\"\r\n        }\r\n      },\r\n      \"ResultPath\": null, \r\n      \"Next\": \"Closed\"\r\n    },\r\n    \"Closed\": {\r\n      \"Type\": \"Task\",   \r\n      \"Resource\": \"arn:aws:states:::sns:publish\",  \r\n      \"Parameters\": {\r\n        \"TopicArn\": \"arn:aws:sns:eu-west-1:237616231885:sns_multi_notification\",\r\n        \"Message.$\": \"$\"\r\n      },\r\n      \"ResultPath\": null,\r\n      \"Next\": \"Aggregate Results\"\r\n    },\r\n    \"Aggregate Results\": {\r\n      \"Type\": \"Pass\",  \r\n      \"ResultPath\": \"$\",   \r\n      \"Next\": \"Send Results\"\r\n    },\r\n    \"Send Results\": {\r\n      \"Type\": \"Task\",\r\n      \"Resource\": \"arn:aws:states:::sns:publish\",\r\n      \"Parameters\": {\r\n        \"TopicArn\": \"arn:aws:sns:eu-west-1:237616231885:sns_multi_notification\",\r\n        \"Message.$\": \"$\"\r\n      },  \r\n      \"ResultPath\": \"$\",   \r\n      \"End\": true\r\n    }\r\n  }\r\n}\r\n",
            "id": "arn:aws:states:eu-west-1:237616231885:stateMachine:state-machine-TERRAFORM",
            "logging_configuration": [
              {
                "include_execution_data": false,
                "level": "OFF",
                "log_destination": ""
              }
            ],
            "name": "state-machine-TERRAFORM",
            "role_arn": "arn:aws:iam::237616231885:role/stepFunctionSampleStepFunctionExecutionIAM",
            "status": "ACTIVE",
            "tags": {},
            "tags_all": {},
            "tracing_configuration": [
              {
                "enabled": false
              }
            ],
            "type": "STANDARD"
          },
          "sensitive_attributes": [],
          "private": "bnVsbA==",
          "dependencies": [
            "module.dynamodb-test-terraform.aws_dynamodb_table.DATABASE-TEST-TERRAFORM",
            "module.lambda-update-phase-task-token.aws_iam_role.iam_for_lambda_update_phase_task_token",
            "module.lambda-update-phase-task-token.aws_lambda_function.lambda_update_phase_task_token",
            "module.lambda-update-phase-task-token.data.archive_file.lambda_update_phase_task_token_zip",
            "module.stepfunction.aws_iam_role.iam_for_sfn",
            "module.stepfunction.aws_sns_topic.sns_multi_notification"
          ]
        }
      ]
    },
    {
      "module": "module.stepfunction",
      "mode": "managed",
      "type": "aws_sns_topic",
      "name": "sns_multi_notification",
      "provider": "provider[\"registry.terraform.io/hashicorp/aws\"]",
      "instances": [
        {
          "schema_version": 0,
          "attributes": {
            "application_failure_feedback_role_arn": "",
            "application_success_feedback_role_arn": "",
            "application_success_feedback_sample_rate": 0,
            "arn": "arn:aws:sns:eu-west-1:237616231885:sns_multi_notification",
            "content_based_deduplication": false,
            "delivery_policy": "",
            "display_name": "",
            "fifo_topic": false,
            "firehose_failure_feedback_role_arn": "",
            "firehose_success_feedback_role_arn": "",
            "firehose_success_feedback_sample_rate": 0,
            "http_failure_feedback_role_arn": "",
            "http_success_feedback_role_arn": "",
            "http_success_feedback_sample_rate": 0,
            "id": "arn:aws:sns:eu-west-1:237616231885:sns_multi_notification",
            "kms_master_key_id": "",
            "lambda_failure_feedback_role_arn": "",
            "lambda_success_feedback_role_arn": "",
            "lambda_success_feedback_sample_rate": 0,
            "name": "sns_multi_notification",
            "name_prefix": "",
            "owner": "237616231885",
            "policy": "{\"Version\":\"2008-10-17\",\"Id\":\"__default_policy_ID\",\"Statement\":[{\"Sid\":\"__default_statement_ID\",\"Effect\":\"Allow\",\"Principal\":{\"AWS\":\"*\"},\"Action\":[\"SNS:GetTopicAttributes\",\"SNS:SetTopicAttributes\",\"SNS:AddPermission\",\"SNS:RemovePermission\",\"SNS:DeleteTopic\",\"SNS:Subscribe\",\"SNS:ListSubscriptionsByTopic\",\"SNS:Publish\"],\"Resource\":\"arn:aws:sns:eu-west-1:237616231885:sns_multi_notification\",\"Condition\":{\"StringEquals\":{\"AWS:SourceOwner\":\"237616231885\"}}}]}",
            "sqs_failure_feedback_role_arn": "",
            "sqs_success_feedback_role_arn": "",
            "sqs_success_feedback_sample_rate": 0,
            "tags": {},
            "tags_all": {}
          },
          "sensitive_attributes": [],
          "private": "bnVsbA=="
        }
      ]
    }
  ]
}
