{
  "version": 4,
  "terraform_version": "1.1.7",
  "serial": 354,
  "lineage": "dc5a1004-2af8-a642-2ec8-25397df48e6f",
  "outputs": {},
  "resources": [
    {
      "mode": "data",
      "type": "archive_file",
      "name": "lambda_handler_db_zip",
      "provider": "provider[\"registry.terraform.io/hashicorp/archive\"]",
      "instances": [
        {
          "schema_version": 0,
          "attributes": {
            "excludes": null,
            "id": "1282b2d7acd3dca1a44b922de20e45fc76dc6897",
            "output_base64sha256": "/9PQ3Yp9/Brvc2IOemJacBdY7SosNDScdknFv9MTlsU=",
            "output_file_mode": null,
            "output_md5": "f6a3ac105b08fc0cb96f43d2042c02db",
            "output_path": "output/lambda_handler_db.zip",
            "output_sha": "1282b2d7acd3dca1a44b922de20e45fc76dc6897",
            "output_size": 1790,
            "source": [],
            "source_content": null,
            "source_content_filename": null,
            "source_dir": null,
            "source_file": "../dist/LambdaHandlerDb/index.js",
            "type": "zip"
          },
          "sensitive_attributes": []
        }
      ]
    },
    {
      "mode": "data",
      "type": "archive_file",
      "name": "lambda_start_sf_zip",
      "provider": "provider[\"registry.terraform.io/hashicorp/archive\"]",
      "instances": [
        {
          "schema_version": 0,
          "attributes": {
            "excludes": null,
            "id": "da5ae3d9299210d5fa8d2b6c89a04e54e6a4c098",
            "output_base64sha256": "0L6HTcFej8et5khjbsDd/5GA6/Tx0Ns+34h2yYvxWYw=",
            "output_file_mode": null,
            "output_md5": "8cd8d2b2f4a64a0355f7c65f6ed38270",
            "output_path": "output/lambda_start_sf.zip",
            "output_sha": "da5ae3d9299210d5fa8d2b6c89a04e54e6a4c098",
            "output_size": 1716,
            "source": [],
            "source_content": null,
            "source_content_filename": null,
            "source_dir": null,
            "source_file": "../dist/LambdaStartStepFunction/index.js",
            "type": "zip"
          },
          "sensitive_attributes": []
        }
      ]
    },
    {
      "mode": "managed",
      "type": "aws_dynamodb_table",
      "name": "DATABASE-TEST-TERRAFORM",
      "provider": "provider[\"registry.terraform.io/hashicorp/aws\"]",
      "instances": [
        {
          "schema_version": 1,
          "attributes": {
            "arn": "arn:aws:dynamodb:eu-west-1:237616231885:table/DATABASE-TEST-TERRAFORM",
            "attribute": [
              {
                "name": "id",
                "type": "S"
              }
            ],
            "billing_mode": "PAY_PER_REQUEST",
            "global_secondary_index": [],
            "hash_key": "id",
            "id": "DATABASE-TEST-TERRAFORM",
            "local_secondary_index": [],
            "name": "DATABASE-TEST-TERRAFORM",
            "point_in_time_recovery": [
              {
                "enabled": false
              }
            ],
            "range_key": null,
            "read_capacity": 0,
            "replica": [],
            "restore_date_time": null,
            "restore_source_name": null,
            "restore_to_latest_time": null,
            "server_side_encryption": [],
            "stream_arn": "arn:aws:dynamodb:eu-west-1:237616231885:table/DATABASE-TEST-TERRAFORM/stream/2022-03-30T16:29:43.932",
            "stream_enabled": true,
            "stream_label": "2022-03-30T16:29:43.932",
            "stream_view_type": "NEW_AND_OLD_IMAGES",
            "table_class": "",
            "tags": {
              "TODO_TABLE_NAME": "DATABASE-TEST-TERRAFORM"
            },
            "tags_all": {
              "TODO_TABLE_NAME": "DATABASE-TEST-TERRAFORM"
            },
            "timeouts": null,
            "ttl": [
              {
                "attribute_name": "",
                "enabled": false
              }
            ],
            "write_capacity": 0
          },
          "sensitive_attributes": [],
          "private": "eyJlMmJmYjczMC1lY2FhLTExZTYtOGY4OC0zNDM2M2JjN2M0YzAiOnsiY3JlYXRlIjoxODAwMDAwMDAwMDAwLCJkZWxldGUiOjYwMDAwMDAwMDAwMCwidXBkYXRlIjozNjAwMDAwMDAwMDAwfSwic2NoZW1hX3ZlcnNpb24iOiIxIn0="
        }
      ]
    },
    {
      "mode": "managed",
      "type": "aws_iam_policy",
      "name": "policy_dynamodb",
      "provider": "provider[\"registry.terraform.io/hashicorp/aws\"]",
      "instances": [
        {
          "schema_version": 0,
          "attributes": {
            "arn": "arn:aws:iam::237616231885:policy/dynamoDbInvocationPolicy",
            "description": "",
            "id": "arn:aws:iam::237616231885:policy/dynamoDbInvocationPolicy",
            "name": "dynamoDbInvocationPolicy",
            "name_prefix": null,
            "path": "/",
            "policy": "{\"Statement\":[{\"Action\":[\"dynamodb:GetShardIterator\",\"dynamodb:DescribeStream\",\"dynamodb:GetRecords\",\"dynamodb:ListStreams\"],\"Effect\":\"Allow\",\"Resource\":\"*\",\"Sid\":\"VisualEditor0\"}],\"Version\":\"2012-10-17\"}",
            "policy_id": "ANPATOUYH6XGX52CWVVCI",
            "tags": {},
            "tags_all": {}
          },
          "sensitive_attributes": [],
          "private": "bnVsbA=="
        }
      ]
    },
    {
      "mode": "managed",
      "type": "aws_iam_policy",
      "name": "policy_for_lambda_handler_db",
      "provider": "provider[\"registry.terraform.io/hashicorp/aws\"]",
      "instances": [
        {
          "schema_version": 0,
          "attributes": {
            "arn": "arn:aws:iam::237616231885:policy/LambdaHandlerDbPolicy",
            "description": "",
            "id": "arn:aws:iam::237616231885:policy/LambdaHandlerDbPolicy",
            "name": "LambdaHandlerDbPolicy",
            "name_prefix": null,
            "path": "/",
            "policy": "{\"Statement\":[{\"Action\":[\"logs:CreateLogGroup\",\"logs:CreateLogStream\",\"logs:PutLogEvents\",\"dynamodb:GetItem\",\"dynamodb:UpdateItem\"],\"Effect\":\"Allow\",\"Resource\":\"*\",\"Sid\":\"VisualEditor0\"}],\"Version\":\"2012-10-17\"}",
            "policy_id": "ANPATOUYH6XG7U7ZOZBI7",
            "tags": {},
            "tags_all": {}
          },
          "sensitive_attributes": [],
          "private": "bnVsbA=="
        }
      ]
    },
    {
      "mode": "managed",
      "type": "aws_iam_policy",
      "name": "policy_for_lambda_start_sf",
      "provider": "provider[\"registry.terraform.io/hashicorp/aws\"]",
      "instances": [
        {
          "schema_version": 0,
          "attributes": {
            "arn": "arn:aws:iam::237616231885:policy/LambdaStartStepFunctionPolicy",
            "description": "",
            "id": "arn:aws:iam::237616231885:policy/LambdaStartStepFunctionPolicy",
            "name": "LambdaStartStepFunctionPolicy",
            "name_prefix": null,
            "path": "/",
            "policy": "{\"Statement\":[{\"Action\":[\"states:StartExecution\",\"states:SendTaskSuccess\",\"states:SendTaskHeartbeat\",\"states:SendTaskHeartbeat\",\"dynamodb:GetShardIterator\",\"dynamodb:DescribeStream\",\"dynamodb:GetRecords\",\"dynamodb:ListStreams\",\"logs:CreateLogGroup\",\"logs:CreateLogStream\",\"logs:PutLogEvents\"],\"Effect\":\"Allow\",\"Resource\":\"*\",\"Sid\":\"VisualEditor0\"}],\"Version\":\"2012-10-17\"}",
            "policy_id": "ANPATOUYH6XG6SLHILDW6",
            "tags": {},
            "tags_all": {}
          },
          "sensitive_attributes": [],
          "private": "bnVsbA=="
        }
      ]
    },
    {
      "mode": "managed",
      "type": "aws_iam_policy",
      "name": "policy_invoke_lambda",
      "provider": "provider[\"registry.terraform.io/hashicorp/aws\"]",
      "instances": [
        {
          "schema_version": 0,
          "attributes": {
            "arn": "arn:aws:iam::237616231885:policy/stepFunctionInvokeLambdaPolicy",
            "description": "",
            "id": "arn:aws:iam::237616231885:policy/stepFunctionInvokeLambdaPolicy",
            "name": "stepFunctionInvokeLambdaPolicy",
            "name_prefix": null,
            "path": "/",
            "policy": "{\"Statement\":[{\"Action\":[\"lambda:InvokeFunction\",\"lambda:InvokeAsync\"],\"Effect\":\"Allow\",\"Resource\":\"*\",\"Sid\":\"VisualEditor0\"}],\"Version\":\"2012-10-17\"}",
            "policy_id": "ANPATOUYH6XGRNON2FKR6",
            "tags": {},
            "tags_all": {}
          },
          "sensitive_attributes": [],
          "private": "bnVsbA=="
        }
      ]
    },
    {
      "mode": "managed",
      "type": "aws_iam_policy",
      "name": "policy_publish_sns",
      "provider": "provider[\"registry.terraform.io/hashicorp/aws\"]",
      "instances": [
        {
          "schema_version": 0,
          "attributes": {
            "arn": "arn:aws:iam::237616231885:policy/stepFunctionSampleSNSInvocationPolicy",
            "description": "",
            "id": "arn:aws:iam::237616231885:policy/stepFunctionSampleSNSInvocationPolicy",
            "name": "stepFunctionSampleSNSInvocationPolicy",
            "name_prefix": null,
            "path": "/",
            "policy": "{\"Statement\":[{\"Action\":[\"sns:Publish\",\"sns:SetSMSAttributes\",\"sns:GetSMSAttributes\"],\"Effect\":\"Allow\",\"Resource\":\"*\",\"Sid\":\"VisualEditor0\"}],\"Version\":\"2012-10-17\"}",
            "policy_id": "ANPATOUYH6XGUJ3NTSXV5",
            "tags": {},
            "tags_all": {}
          },
          "sensitive_attributes": [],
          "private": "bnVsbA=="
        }
      ]
    },
    {
      "mode": "managed",
      "type": "aws_iam_role",
      "name": "iam_for_dynamodb",
      "provider": "provider[\"registry.terraform.io/hashicorp/aws\"]",
      "instances": [
        {
          "schema_version": 0,
          "attributes": {
            "arn": "arn:aws:iam::237616231885:role/iam_for_dynamodb",
            "assume_role_policy": "{\"Version\":\"2012-10-17\",\"Statement\":[{\"Sid\":\"\",\"Effect\":\"Allow\",\"Principal\":{\"Service\":\"dynamodb.amazonaws.com\"},\"Action\":\"sts:AssumeRole\"}]}",
            "create_date": "2022-04-01T19:23:40Z",
            "description": "",
            "force_detach_policies": false,
            "id": "iam_for_dynamodb",
            "inline_policy": [
              {
                "name": "",
                "policy": ""
              }
            ],
            "managed_policy_arns": [
              "arn:aws:iam::237616231885:policy/dynamoDbInvocationPolicy"
            ],
            "max_session_duration": 3600,
            "name": "iam_for_dynamodb",
            "name_prefix": "",
            "path": "/",
            "permissions_boundary": null,
            "tags": {},
            "tags_all": {},
            "unique_id": "AROATOUYH6XGR5UQ6YDSI"
          },
          "sensitive_attributes": [],
          "private": "bnVsbA=="
        }
      ]
    },
    {
      "mode": "managed",
      "type": "aws_iam_role",
      "name": "iam_for_lambda_handler_db",
      "provider": "provider[\"registry.terraform.io/hashicorp/aws\"]",
      "instances": [
        {
          "schema_version": 0,
          "attributes": {
            "arn": "arn:aws:iam::237616231885:role/iam_for_lambda_handler_db",
            "assume_role_policy": "{\"Version\":\"2012-10-17\",\"Statement\":[{\"Sid\":\"\",\"Effect\":\"Allow\",\"Principal\":{\"Service\":\"lambda.amazonaws.com\"},\"Action\":\"sts:AssumeRole\"}]}",
            "create_date": "2022-03-30T16:22:36Z",
            "description": "",
            "force_detach_policies": false,
            "id": "iam_for_lambda_handler_db",
            "inline_policy": [
              {
                "name": "",
                "policy": ""
              }
            ],
            "managed_policy_arns": [
              "arn:aws:iam::237616231885:policy/LambdaHandlerDbPolicy"
            ],
            "max_session_duration": 3600,
            "name": "iam_for_lambda_handler_db",
            "name_prefix": "",
            "path": "/",
            "permissions_boundary": null,
            "tags": {},
            "tags_all": {},
            "unique_id": "AROATOUYH6XGUZPNYQEHD"
          },
          "sensitive_attributes": [],
          "private": "bnVsbA=="
        }
      ]
    },
    {
      "mode": "managed",
      "type": "aws_iam_role",
      "name": "iam_for_lambda_start_sf",
      "provider": "provider[\"registry.terraform.io/hashicorp/aws\"]",
      "instances": [
        {
          "schema_version": 0,
          "attributes": {
            "arn": "arn:aws:iam::237616231885:role/iam_for_lambda_start_sf",
            "assume_role_policy": "{\"Version\":\"2012-10-17\",\"Statement\":[{\"Sid\":\"\",\"Effect\":\"Allow\",\"Principal\":{\"Service\":\"lambda.amazonaws.com\"},\"Action\":\"sts:AssumeRole\"}]}",
            "create_date": "2022-03-30T16:22:36Z",
            "description": "",
            "force_detach_policies": false,
            "id": "iam_for_lambda_start_sf",
            "inline_policy": [
              {
                "name": "",
                "policy": ""
              }
            ],
            "managed_policy_arns": [
              "arn:aws:iam::237616231885:policy/LambdaStartStepFunctionPolicy"
            ],
            "max_session_duration": 3600,
            "name": "iam_for_lambda_start_sf",
            "name_prefix": "",
            "path": "/",
            "permissions_boundary": null,
            "tags": {},
            "tags_all": {},
            "unique_id": "AROATOUYH6XG6OJKZABTP"
          },
          "sensitive_attributes": [],
          "private": "bnVsbA=="
        }
      ]
    },
    {
      "mode": "managed",
      "type": "aws_iam_role",
      "name": "iam_for_sfn",
      "provider": "provider[\"registry.terraform.io/hashicorp/aws\"]",
      "instances": [
        {
          "schema_version": 0,
          "attributes": {
            "arn": "arn:aws:iam::237616231885:role/stepFunctionSampleStepFunctionExecutionIAM",
            "assume_role_policy": "{\"Version\":\"2012-10-17\",\"Statement\":[{\"Effect\":\"Allow\",\"Principal\":{\"Service\":\"states.amazonaws.com\"},\"Action\":\"sts:AssumeRole\"}]}",
            "create_date": "2022-03-30T16:20:05Z",
            "description": "",
            "force_detach_policies": false,
            "id": "stepFunctionSampleStepFunctionExecutionIAM",
            "inline_policy": [
              {
                "name": "",
                "policy": ""
              }
            ],
            "managed_policy_arns": [
              "arn:aws:iam::237616231885:policy/stepFunctionInvokeLambdaPolicy",
              "arn:aws:iam::237616231885:policy/stepFunctionSampleSNSInvocationPolicy"
            ],
            "max_session_duration": 3600,
            "name": "stepFunctionSampleStepFunctionExecutionIAM",
            "name_prefix": "",
            "path": "/",
            "permissions_boundary": null,
            "tags": {},
            "tags_all": {},
            "unique_id": "AROATOUYH6XGRHLWX47HR"
          },
          "sensitive_attributes": [],
          "private": "bnVsbA=="
        }
      ]
    },
    {
      "mode": "managed",
      "type": "aws_iam_role_policy_attachment",
      "name": "iam_for_lambda_attach_policy_lambda_handler_db",
      "provider": "provider[\"registry.terraform.io/hashicorp/aws\"]",
      "instances": [
        {
          "schema_version": 0,
          "attributes": {
            "id": "iam_for_lambda_handler_db-20220401152311417300000001",
            "policy_arn": "arn:aws:iam::237616231885:policy/LambdaHandlerDbPolicy",
            "role": "iam_for_lambda_handler_db"
          },
          "sensitive_attributes": [],
          "private": "bnVsbA==",
          "dependencies": [
            "aws_iam_policy.policy_for_lambda_handler_db",
            "aws_iam_role.iam_for_lambda_handler_db"
          ]
        }
      ]
    },
    {
      "mode": "managed",
      "type": "aws_iam_role_policy_attachment",
      "name": "iam_for_lambda_attach_policy_lambda_start_sfn",
      "provider": "provider[\"registry.terraform.io/hashicorp/aws\"]",
      "instances": [
        {
          "schema_version": 0,
          "attributes": {
            "id": "iam_for_lambda_start_sf-20220330162238507400000001",
            "policy_arn": "arn:aws:iam::237616231885:policy/LambdaStartStepFunctionPolicy",
            "role": "iam_for_lambda_start_sf"
          },
          "sensitive_attributes": [],
          "private": "bnVsbA==",
          "dependencies": [
            "aws_iam_policy.policy_for_lambda_start_sf",
            "aws_iam_role.iam_for_lambda_start_sf"
          ]
        }
      ]
    },
    {
      "mode": "managed",
      "type": "aws_iam_role_policy_attachment",
      "name": "iam_for_sfn_attach_policy_invoke_lambda",
      "provider": "provider[\"registry.terraform.io/hashicorp/aws\"]",
      "instances": [
        {
          "schema_version": 0,
          "attributes": {
            "id": "stepFunctionSampleStepFunctionExecutionIAM-20220331131155616700000001",
            "policy_arn": "arn:aws:iam::237616231885:policy/stepFunctionInvokeLambdaPolicy",
            "role": "stepFunctionSampleStepFunctionExecutionIAM"
          },
          "sensitive_attributes": [],
          "private": "bnVsbA==",
          "dependencies": [
            "aws_iam_policy.policy_invoke_lambda",
            "aws_iam_role.iam_for_sfn"
          ]
        }
      ]
    },
    {
      "mode": "managed",
      "type": "aws_iam_role_policy_attachment",
      "name": "iam_for_sfn_attach_policy_publish_sns",
      "provider": "provider[\"registry.terraform.io/hashicorp/aws\"]",
      "instances": [
        {
          "schema_version": 0,
          "attributes": {
            "id": "stepFunctionSampleStepFunctionExecutionIAM-20220330162007343200000001",
            "policy_arn": "arn:aws:iam::237616231885:policy/stepFunctionSampleSNSInvocationPolicy",
            "role": "stepFunctionSampleStepFunctionExecutionIAM"
          },
          "sensitive_attributes": [],
          "private": "bnVsbA==",
          "dependencies": [
            "aws_iam_policy.policy_publish_sns",
            "aws_iam_role.iam_for_sfn"
          ]
        }
      ]
    },
    {
      "mode": "managed",
      "type": "aws_iam_role_policy_attachment",
      "name": "iam_lambda_attach_policy_dynamodb",
      "provider": "provider[\"registry.terraform.io/hashicorp/aws\"]",
      "instances": [
        {
          "schema_version": 0,
          "attributes": {
            "id": "iam_for_dynamodb-20220401192342641700000001",
            "policy_arn": "arn:aws:iam::237616231885:policy/dynamoDbInvocationPolicy",
            "role": "iam_for_dynamodb"
          },
          "sensitive_attributes": [],
          "private": "bnVsbA==",
          "dependencies": [
            "aws_iam_policy.policy_dynamodb",
            "aws_iam_role.iam_for_dynamodb"
          ]
        }
      ]
    },
    {
      "mode": "managed",
      "type": "aws_lambda_event_source_mapping",
      "name": "trigger_lambda_start",
      "provider": "provider[\"registry.terraform.io/hashicorp/aws\"]",
      "instances": [
        {
          "schema_version": 0,
          "attributes": {
            "batch_size": 100,
            "bisect_batch_on_function_error": false,
            "destination_config": [
              {
                "on_failure": [
                  {
                    "destination_arn": null
                  }
                ]
              }
            ],
            "enabled": true,
            "event_source_arn": "arn:aws:dynamodb:eu-west-1:237616231885:table/DATABASE-TEST-TERRAFORM/stream/2022-03-30T16:29:43.932",
            "filter_criteria": [],
            "function_arn": "arn:aws:lambda:eu-west-1:237616231885:function:lambda_start_sf",
            "function_name": "arn:aws:lambda:eu-west-1:237616231885:function:lambda_start_sf",
            "function_response_types": [],
            "id": "7ca95468-fa83-4eec-87af-8ef918504fc4",
            "last_modified": "2022-04-02T00:45:00Z",
            "last_processing_result": "OK",
            "maximum_batching_window_in_seconds": 0,
            "maximum_record_age_in_seconds": -1,
            "maximum_retry_attempts": -1,
            "parallelization_factor": 1,
            "queues": [],
            "self_managed_event_source": [],
            "source_access_configuration": [],
            "starting_position": "LATEST",
            "starting_position_timestamp": "",
            "state": "Enabled",
            "state_transition_reason": "User action",
            "topics": [],
            "tumbling_window_in_seconds": 0,
            "uuid": "7ca95468-fa83-4eec-87af-8ef918504fc4"
          },
          "sensitive_attributes": [],
          "private": "bnVsbA==",
          "dependencies": [
            "aws_dynamodb_table.DATABASE-TEST-TERRAFORM",
            "aws_iam_role.iam_for_lambda_handler_db",
            "aws_iam_role.iam_for_lambda_start_sf",
            "aws_iam_role.iam_for_sfn",
            "aws_lambda_function.lambda_handler_db",
            "aws_lambda_function.lambda_start_sf",
            "aws_sfn_state_machine.sfn_state_machine",
            "aws_sns_topic.sns_multi_notification",
            "data.archive_file.lambda_handler_db_zip",
            "data.archive_file.lambda_start_sf_zip"
          ]
        }
      ]
    },
    {
      "mode": "managed",
      "type": "aws_lambda_function",
      "name": "lambda_handler_db",
      "provider": "provider[\"registry.terraform.io/hashicorp/aws\"]",
      "instances": [
        {
          "schema_version": 0,
          "attributes": {
            "architectures": [
              "x86_64"
            ],
            "arn": "arn:aws:lambda:eu-west-1:237616231885:function:lambda_handler_db",
            "code_signing_config_arn": "",
            "dead_letter_config": [],
            "description": "",
            "environment": [],
            "ephemeral_storage": [
              {
                "size": 512
              }
            ],
            "file_system_config": [],
            "filename": "output/lambda_handler_db.zip",
            "function_name": "lambda_handler_db",
            "handler": "index.LambdaHandlerDbFunction",
            "id": "lambda_handler_db",
            "image_config": [],
            "image_uri": "",
            "invoke_arn": "arn:aws:apigateway:eu-west-1:lambda:path/2015-03-31/functions/arn:aws:lambda:eu-west-1:237616231885:function:lambda_handler_db/invocations",
            "kms_key_arn": "",
            "last_modified": "2022-04-03T10:24:53.000+0000",
            "layers": [],
            "memory_size": 128,
            "package_type": "Zip",
            "publish": false,
            "qualified_arn": "arn:aws:lambda:eu-west-1:237616231885:function:lambda_handler_db:$LATEST",
            "reserved_concurrent_executions": -1,
            "role": "arn:aws:iam::237616231885:role/iam_for_lambda_handler_db",
            "runtime": "nodejs14.x",
            "s3_bucket": null,
            "s3_key": null,
            "s3_object_version": null,
            "signing_job_arn": "",
            "signing_profile_version_arn": "",
            "source_code_hash": "/9PQ3Yp9/Brvc2IOemJacBdY7SosNDScdknFv9MTlsU=",
            "source_code_size": 1790,
            "tags": {},
            "tags_all": {},
            "timeout": 3,
            "timeouts": null,
            "tracing_config": [
              {
                "mode": "PassThrough"
              }
            ],
            "version": "$LATEST",
            "vpc_config": []
          },
          "sensitive_attributes": [],
          "private": "eyJlMmJmYjczMC1lY2FhLTExZTYtOGY4OC0zNDM2M2JjN2M0YzAiOnsiY3JlYXRlIjo2MDAwMDAwMDAwMDB9fQ==",
          "dependencies": [
            "aws_iam_role.iam_for_lambda_handler_db",
            "data.archive_file.lambda_handler_db_zip"
          ]
        }
      ]
    },
    {
      "mode": "managed",
      "type": "aws_lambda_function",
      "name": "lambda_start_sf",
      "provider": "provider[\"registry.terraform.io/hashicorp/aws\"]",
      "instances": [
        {
          "schema_version": 0,
          "attributes": {
            "architectures": [
              "x86_64"
            ],
            "arn": "arn:aws:lambda:eu-west-1:237616231885:function:lambda_start_sf",
            "code_signing_config_arn": "",
            "dead_letter_config": [],
            "description": "",
            "environment": [
              {
                "variables": {
                  "STATE_MACHINE_ARN": "arn:aws:states:eu-west-1:237616231885:stateMachine:state-machine-TERRAFORM"
                }
              }
            ],
            "ephemeral_storage": [
              {
                "size": 512
              }
            ],
            "file_system_config": [],
            "filename": "output/lambda_start_sf.zip",
            "function_name": "lambda_start_sf",
            "handler": "index.LambdaStartStepFunction",
            "id": "lambda_start_sf",
            "image_config": [],
            "image_uri": "",
            "invoke_arn": "arn:aws:apigateway:eu-west-1:lambda:path/2015-03-31/functions/arn:aws:lambda:eu-west-1:237616231885:function:lambda_start_sf/invocations",
            "kms_key_arn": "",
            "last_modified": "2022-04-03T09:54:12.000+0000",
            "layers": [],
            "memory_size": 128,
            "package_type": "Zip",
            "publish": false,
            "qualified_arn": "arn:aws:lambda:eu-west-1:237616231885:function:lambda_start_sf:$LATEST",
            "reserved_concurrent_executions": -1,
            "role": "arn:aws:iam::237616231885:role/iam_for_lambda_start_sf",
            "runtime": "nodejs14.x",
            "s3_bucket": null,
            "s3_key": null,
            "s3_object_version": null,
            "signing_job_arn": "",
            "signing_profile_version_arn": "",
            "source_code_hash": "0L6HTcFej8et5khjbsDd/5GA6/Tx0Ns+34h2yYvxWYw=",
            "source_code_size": 1716,
            "tags": {},
            "tags_all": {},
            "timeout": 3,
            "timeouts": null,
            "tracing_config": [
              {
                "mode": "PassThrough"
              }
            ],
            "version": "$LATEST",
            "vpc_config": []
          },
          "sensitive_attributes": [],
          "private": "eyJlMmJmYjczMC1lY2FhLTExZTYtOGY4OC0zNDM2M2JjN2M0YzAiOnsiY3JlYXRlIjo2MDAwMDAwMDAwMDB9fQ==",
          "dependencies": [
            "aws_iam_role.iam_for_lambda_handler_db",
            "aws_iam_role.iam_for_lambda_start_sf",
            "aws_iam_role.iam_for_sfn",
            "aws_lambda_function.lambda_handler_db",
            "aws_sfn_state_machine.sfn_state_machine",
            "aws_sns_topic.sns_multi_notification",
            "data.archive_file.lambda_handler_db_zip",
            "data.archive_file.lambda_start_sf_zip"
          ]
        }
      ]
    },
    {
      "mode": "managed",
      "type": "aws_sfn_state_machine",
      "name": "sfn_state_machine",
      "provider": "provider[\"registry.terraform.io/hashicorp/aws\"]",
      "instances": [
        {
          "schema_version": 0,
          "attributes": {
            "arn": "arn:aws:states:eu-west-1:237616231885:stateMachine:state-machine-TERRAFORM",
            "creation_date": "2022-03-30T17:37:43Z",
            "definition": "{\r\n  \"StartAt\": \"Open\",\r\n  \"States\": {\r\n    \"Open\": {\r\n      \"Type\": \"Task\",      \r\n      \"Resource\": \"arn:aws:states:::sns:publish\",\r\n      \"Parameters\": {\r\n        \"TopicArn\": \"arn:aws:sns:eu-west-1:237616231885:sns_multi_notification\",\r\n        \"Message.$\": \"$\"\r\n      }, \r\n      \"ResultPath\": null, \r\n      \"Next\": \"Voting Phase\"\r\n    },\r\n    \"Voting Phase\": {\r\n      \"Type\": \"Task\",\r\n      \"Resource\":\"arn:aws:states:::lambda:invoke.waitForTaskToken\",\r\n      \"HeartbeatSeconds\": 600,\r\n      \"Parameters\": {\r\n        \"FunctionName\": \"arn:aws:lambda:eu-west-1:237616231885:function:lambda_handler_db\",\r\n        \"Payload\":{  \r\n          \"token.$\":\"$$.Task.Token\",\r\n          \"otherInput.$\": \"$\"\r\n        }\r\n      },\r\n      \"ResultPath\": \"$\", \r\n      \"Next\": \"Closed\"\r\n    },\r\n    \"Closed\": {\r\n      \"Type\": \"Pass\",     \r\n      \"ResultPath\": \"$\",\r\n      \"Next\": \"Aggregate Results\"\r\n    },\r\n    \"Aggregate Results\": {\r\n      \"Type\": \"Pass\",  \r\n      \"ResultPath\": \"$\",   \r\n      \"Next\": \"Send Results\"\r\n    },\r\n    \"Send Results\": {\r\n      \"Type\": \"Pass\",  \r\n      \"ResultPath\": \"$\",   \r\n      \"End\": true\r\n    }\r\n  }\r\n}\r\n",
            "id": "arn:aws:states:eu-west-1:237616231885:stateMachine:state-machine-TERRAFORM",
            "logging_configuration": [
              {
                "include_execution_data": false,
                "level": "OFF",
                "log_destination": ""
              }
            ],
            "name": "state-machine-TERRAFORM",
            "role_arn": "arn:aws:iam::237616231885:role/stepFunctionSampleStepFunctionExecutionIAM",
            "status": "ACTIVE",
            "tags": {},
            "tags_all": {},
            "tracing_configuration": [
              {
                "enabled": false
              }
            ],
            "type": "STANDARD"
          },
          "sensitive_attributes": [],
          "private": "bnVsbA==",
          "dependencies": [
            "aws_iam_role.iam_for_sfn",
            "aws_lambda_function.lambda_handler_db",
            "aws_sns_topic.sns_multi_notification"
          ]
        }
      ]
    },
    {
      "mode": "managed",
      "type": "aws_sns_topic",
      "name": "sns_multi_notification",
      "provider": "provider[\"registry.terraform.io/hashicorp/aws\"]",
      "instances": [
        {
          "schema_version": 0,
          "attributes": {
            "application_failure_feedback_role_arn": "",
            "application_success_feedback_role_arn": "",
            "application_success_feedback_sample_rate": 0,
            "arn": "arn:aws:sns:eu-west-1:237616231885:sns_multi_notification",
            "content_based_deduplication": false,
            "delivery_policy": "",
            "display_name": "",
            "fifo_topic": false,
            "firehose_failure_feedback_role_arn": "",
            "firehose_success_feedback_role_arn": "",
            "firehose_success_feedback_sample_rate": 0,
            "http_failure_feedback_role_arn": "",
            "http_success_feedback_role_arn": "",
            "http_success_feedback_sample_rate": 0,
            "id": "arn:aws:sns:eu-west-1:237616231885:sns_multi_notification",
            "kms_master_key_id": "",
            "lambda_failure_feedback_role_arn": "",
            "lambda_success_feedback_role_arn": "",
            "lambda_success_feedback_sample_rate": 0,
            "name": "sns_multi_notification",
            "name_prefix": "",
            "owner": "237616231885",
            "policy": "{\"Version\":\"2008-10-17\",\"Id\":\"__default_policy_ID\",\"Statement\":[{\"Sid\":\"__default_statement_ID\",\"Effect\":\"Allow\",\"Principal\":{\"AWS\":\"*\"},\"Action\":[\"SNS:GetTopicAttributes\",\"SNS:SetTopicAttributes\",\"SNS:AddPermission\",\"SNS:RemovePermission\",\"SNS:DeleteTopic\",\"SNS:Subscribe\",\"SNS:ListSubscriptionsByTopic\",\"SNS:Publish\"],\"Resource\":\"arn:aws:sns:eu-west-1:237616231885:sns_multi_notification\",\"Condition\":{\"StringEquals\":{\"AWS:SourceOwner\":\"237616231885\"}}}]}",
            "sqs_failure_feedback_role_arn": "",
            "sqs_success_feedback_role_arn": "",
            "sqs_success_feedback_sample_rate": 0,
            "tags": {},
            "tags_all": {}
          },
          "sensitive_attributes": [],
          "private": "bnVsbA=="
        }
      ]
    }
  ]
}
