{
  "name": "@ita-voting-discovery/config-components-update-phase-task-token",
  "version": "0.1.0",
  "lockfileVersion": 2,
  "requires": true,
  "packages": {
    "": {
      "name": "@ita-voting-discovery/config-components-update-phase-task-token",
      "version": "0.1.0",
      "license": "ISC",
      "dependencies": {
        "@sinclair/typebox": "0.23.4",
        "@types/config": "0.0.41",
        "@types/node": "17.0.23",
        "config": "^3.3.7"
      }
    },
    "node_modules/@sinclair/typebox": {
      "version": "0.23.4",
      "resolved": "https://registry.npmjs.org/@sinclair/typebox/-/typebox-0.23.4.tgz",
      "integrity": "sha512-0/WqSvpVbCBAV1yPeko7eAczKbs78dNVAaX14quVlwOb2wxfKuXCx91h4NrEfkYK9zEnyVSW4JVI/trP3iS+Qg=="
    },
    "node_modules/@types/config": {
      "version": "0.0.41",
      "resolved": "https://registry.npmjs.org/@types/config/-/config-0.0.41.tgz",
      "integrity": "sha512-HjXUmIld0gwvyG8MU/17QtLzOyuMX4jbGuijmS9sWsob5xxgZ/hY9cbRCaHIHqTQ3HMLhwS3F8uXq3Bt9zgzHA=="
    },
    "node_modules/@types/node": {
      "version": "17.0.23",
      "resolved": "https://registry.npmjs.org/@types/node/-/node-17.0.23.tgz",
      "integrity": "sha512-UxDxWn7dl97rKVeVS61vErvw086aCYhDLyvRQZ5Rk65rZKepaFdm53GeqXaKBuOhED4e9uWq34IC3TdSdJJ2Gw=="
    },
    "node_modules/config": {
      "version": "3.3.7",
      "resolved": "https://registry.npmjs.org/config/-/config-3.3.7.tgz",
      "integrity": "sha512-mX/n7GKDYZMqvvkY6e6oBY49W8wxdmQt+ho/5lhwFDXqQW9gI+Ahp8EKp8VAbISPnmf2+Bv5uZK7lKXZ6pf1aA==",
      "dependencies": {
        "json5": "^2.1.1"
      },
      "engines": {
        "node": ">= 10.0.0"
      }
    },
    "node_modules/json5": {
      "version": "2.2.1",
      "resolved": "https://registry.npmjs.org/json5/-/json5-2.2.1.tgz",
      "integrity": "sha512-1hqLFMSrGHRHxav9q9gNjJ5EXznIxGVO09xQRrwplcS8qs28pZ8s8hupZAmqDwZUmVZ2Qb2jnyPOWcDH8m8dlA==",
      "bin": {
        "json5": "lib/cli.js"
      },
      "engines": {
        "node": ">=6"
      }
    }
  },
  "dependencies": {
    "@sinclair/typebox": {
      "version": "0.23.4",
      "resolved": "https://registry.npmjs.org/@sinclair/typebox/-/typebox-0.23.4.tgz",
      "integrity": "sha512-0/WqSvpVbCBAV1yPeko7eAczKbs78dNVAaX14quVlwOb2wxfKuXCx91h4NrEfkYK9zEnyVSW4JVI/trP3iS+Qg=="
    },
    "@types/config": {
      "version": "0.0.41",
      "resolved": "https://registry.npmjs.org/@types/config/-/config-0.0.41.tgz",
      "integrity": "sha512-HjXUmIld0gwvyG8MU/17QtLzOyuMX4jbGuijmS9sWsob5xxgZ/hY9cbRCaHIHqTQ3HMLhwS3F8uXq3Bt9zgzHA=="
    },
    "@types/node": {
      "version": "17.0.23",
      "resolved": "https://registry.npmjs.org/@types/node/-/node-17.0.23.tgz",
      "integrity": "sha512-UxDxWn7dl97rKVeVS61vErvw086aCYhDLyvRQZ5Rk65rZKepaFdm53GeqXaKBuOhED4e9uWq34IC3TdSdJJ2Gw=="
    },
    "config": {
      "version": "3.3.7",
      "resolved": "https://registry.npmjs.org/config/-/config-3.3.7.tgz",
      "integrity": "sha512-mX/n7GKDYZMqvvkY6e6oBY49W8wxdmQt+ho/5lhwFDXqQW9gI+Ahp8EKp8VAbISPnmf2+Bv5uZK7lKXZ6pf1aA==",
      "requires": {
        "json5": "^2.1.1"
      }
    },
    "json5": {
      "version": "2.2.1",
      "resolved": "https://registry.npmjs.org/json5/-/json5-2.2.1.tgz",
      "integrity": "sha512-1hqLFMSrGHRHxav9q9gNjJ5EXznIxGVO09xQRrwplcS8qs28pZ8s8hupZAmqDwZUmVZ2Qb2jnyPOWcDH8m8dlA=="
    }
  }
}
